{
  "name": "time-ticker",
  "version": "0.0.32",
  "lockfileVersion": 2,
  "requires": true,
  "packages": {
    "": {
      "name": "time-ticker",
      "version": "0.0.32",
      "license": "MIT",
      "dependencies": {
        "assign-gingerly": "0.0.71",
        "el-maker": "0.0.5"
      },
      "devDependencies": {
        "@playwright/test": "1.62.1",
        "assign-gingerly": "0.0.71",
        "spa-ssi": "0.0.27"
      }
    },
    "node_modules/@playwright/test": {
      "version": "1.62.1",
      "resolved": "https://registry.npmjs.org/@playwright/test/-/test-1.62.1.tgz",
      "integrity": "sha512-DTcUc8qii+cpHvtOwggMtBRMjKZHXYWdw8syRYu2vtzuq4Wxphqq4NfCs5Zt44L6mA8rfDfj+PHnxFc/FeK6mQ==",
      "dev": true,
      "license": "Apache-2.0",
      "dependencies": {
        "playwright": "1.62.1"
      },
      "bin": {
        "playwright": "cli.js"
      },
      "engines": {
        "node": ">=20"
      }
    },
    "node_modules/assign-gingerly": {
      "version": "0.0.71",
      "resolved": "https://registry.npmjs.org/assign-gingerly/-/assign-gingerly-0.0.71.tgz",
      "integrity": "sha512-LuIyCSTstF1Rzi/NF235AFOzJ82puWrMnhpALdYak1eyjXGt3l9GEpPB69mhDwdP4os73jUZOD4dde/ievnTkw==",
      "license": "MIT"
    },
    "node_modules/be-reflective": {
      "version": "0.0.4",
      "resolved": "https://registry.npmjs.org/be-reflective/-/be-reflective-0.0.4.tgz",
      "integrity": "sha512-fBCEKWc50itLjQzlEUq5x7jSJD/MjKrIXH5wOgsJKA5rAVYdmkAq5dwe6huwtfqXMSC8cxWLEh67GRHfOIjfcw==",
      "license": "MIT"
    },
    "node_modules/el-maker": {
      "version": "0.0.5",
      "resolved": "https://registry.npmjs.org/el-maker/-/el-maker-0.0.5.tgz",
      "integrity": "sha512-GQWvFjqTOO2/KU5TrmN9iGQm1iiOZtQGMFrflWN3Mdy7AaHmDdUOtUgeanZfuYdTchXiFyMSFRWiaHtBdtKn5w==",
      "license": "MIT",
      "dependencies": {
        "assign-gingerly": "0.0.71",
        "be-reflective": "0.0.4",
        "face-up": "0.0.6",
        "roundabout-lib": "0.0.30",
        "templ-maker": "0.0.2",
        "truth-sourcer": "0.0.3"
      }
    },
    "node_modules/face-up": {
      "version": "0.0.6",
      "resolved": "https://registry.npmjs.org/face-up/-/face-up-0.0.6.tgz",
      "integrity": "sha512-SJGPLQogbDS7Abc82jodw1qMdV1eTuVbtOck75l1K9PluQOMJeiG5mlSSs/7J/VEiUGhzao/kcmWhZvWBUoMlg==",
      "license": "MIT",
      "dependencies": {
        "roundabout-lib": "0.0.30"
      }
    },
    "node_modules/fsevents": {
      "version": "2.3.2",
      "resolved": "https://registry.npmjs.org/fsevents/-/fsevents-2.3.2.tgz",
      "integrity": "sha512-xiqMQR4xAeHTuB9uWm+fFRcIOgKBMiOBP+eXiyT7jsgVCq1bkVygt00oASowB7EdtpOHaaPgKt812P9ab+DDKA==",
      "dev": true,
      "hasInstallScript": true,
      "license": "MIT",
      "optional": true,
      "os": [
        "darwin"
      ],
      "engines": {
        "node": "^8.16.0 || ^10.6.0 || >=11.0.0"
      }
    },
    "node_modules/playwright": {
      "version": "1.62.1",
      "resolved": "https://registry.npmjs.org/playwright/-/playwright-1.62.1.tgz",
      "integrity": "sha512-0M+L3LAD8/nm554LOla9Ayx0j0tmFZ0FBcoQ7F1VuVHpM/XpiC8RcDzBQB8W5+hA8L22THxELzeF+2WcUzvcLg==",
      "dev": true,
      "license": "Apache-2.0",
      "dependencies": {
        "playwright-core": "1.62.1"
      },
      "bin": {
        "playwright": "cli.js"
      },
      "engines": {
        "node": ">=20"
      },
      "optionalDependencies": {
        "fsevents": "2.3.2"
      }
    },
    "node_modules/playwright-core": {
      "version": "1.62.1",
      "resolved": "https://registry.npmjs.org/playwright-core/-/playwright-core-1.62.1.tgz",
      "integrity": "sha512-wPYSwEBJY9GHraISXqyqtx0na0LpO3XEX7jNDhntbex7tzUS7kLnZsOlFruFJB4Hi/rhDMjXGqHewDZ68nYZVw==",
      "dev": true,
      "license": "Apache-2.0",
      "bin": {
        "playwright-core": "cli.js"
      },
      "engines": {
        "node": ">=20"
      }
    },
    "node_modules/roundabout-lib": {
      "version": "0.0.30",
      "resolved": "https://registry.npmjs.org/roundabout-lib/-/roundabout-lib-0.0.30.tgz",
      "integrity": "sha512-OsfRzw1uJalJzi1WnU4FIop98Nilj/BmeC70mwrlwhLXMCbJCN9APUEUVM2EmKwWclwm8RpRAklD/RawBBsMZA==",
      "license": "MIT",
      "dependencies": {
        "assign-gingerly": "0.0.71"
      }
    },
    "node_modules/spa-ssi": {
      "version": "0.0.27",
      "resolved": "https://registry.npmjs.org/spa-ssi/-/spa-ssi-0.0.27.tgz",
      "integrity": "sha512-bV/ChmBlGBQLyroDcng/PR5IeH9LokcNxMuoURE0vDy2NNkW7uFVofvQjLpUMW6IdlCACpOEJsAStACz2kB6iA==",
      "dev": true,
      "license": "MIT"
    },
    "node_modules/templ-maker": {
      "version": "0.0.2",
      "resolved": "https://registry.npmjs.org/templ-maker/-/templ-maker-0.0.2.tgz",
      "integrity": "sha512-jrM/ytBrxCvJ8k4/XcPyzbtoMiA6qawl9ivulMudxoXomopV3lIwLL6TTK7tr45M7GCQNSnLS1oP9b3BOmJ4/w==",
      "license": "MIT"
    },
    "node_modules/truth-sourcer": {
      "version": "0.0.3",
      "resolved": "https://registry.npmjs.org/truth-sourcer/-/truth-sourcer-0.0.3.tgz",
      "integrity": "sha512-0EsFr93a5Ux9xh6TfGHOleyRYIfjhyk2ujGyv/OfC/+1ipr/d7Tu1DaQGGy5d/HPAzw+XpPwy3iEPtdVLmgvuQ==",
      "license": "MIT"
    }
  },
  "dependencies": {
    "@playwright/test": {
      "version": "1.62.1",
      "resolved": "https://registry.npmjs.org/@playwright/test/-/test-1.62.1.tgz",
      "integrity": "sha512-DTcUc8qii+cpHvtOwggMtBRMjKZHXYWdw8syRYu2vtzuq4Wxphqq4NfCs5Zt44L6mA8rfDfj+PHnxFc/FeK6mQ==",
      "dev": true,
      "requires": {
        "playwright": "1.62.1"
      }
    },
    "assign-gingerly": {
      "version": "0.0.71",
      "resolved": "https://registry.npmjs.org/assign-gingerly/-/assign-gingerly-0.0.71.tgz",
      "integrity": "sha512-LuIyCSTstF1Rzi/NF235AFOzJ82puWrMnhpALdYak1eyjXGt3l9GEpPB69mhDwdP4os73jUZOD4dde/ievnTkw=="
    },
    "be-reflective": {
      "version": "0.0.4",
      "resolved": "https://registry.npmjs.org/be-reflective/-/be-reflective-0.0.4.tgz",
      "integrity": "sha512-fBCEKWc50itLjQzlEUq5x7jSJD/MjKrIXH5wOgsJKA5rAVYdmkAq5dwe6huwtfqXMSC8cxWLEh67GRHfOIjfcw=="
    },
    "el-maker": {
      "version": "0.0.5",
      "resolved": "https://registry.npmjs.org/el-maker/-/el-maker-0.0.5.tgz",
      "integrity": "sha512-GQWvFjqTOO2/KU5TrmN9iGQm1iiOZtQGMFrflWN3Mdy7AaHmDdUOtUgeanZfuYdTchXiFyMSFRWiaHtBdtKn5w==",
      "requires": {
        "assign-gingerly": "0.0.71",
        "be-reflective": "0.0.4",
        "face-up": "0.0.6",
        "roundabout-lib": "0.0.30",
        "templ-maker": "0.0.2",
        "truth-sourcer": "0.0.3"
      }
    },
    "face-up": {
      "version": "0.0.6",
      "resolved": "https://registry.npmjs.org/face-up/-/face-up-0.0.6.tgz",
      "integrity": "sha512-SJGPLQogbDS7Abc82jodw1qMdV1eTuVbtOck75l1K9PluQOMJeiG5mlSSs/7J/VEiUGhzao/kcmWhZvWBUoMlg==",
      "requires": {
        "roundabout-lib": "0.0.30"
      }
    },
    "fsevents": {
      "version": "2.3.2",
      "resolved": "https://registry.npmjs.org/fsevents/-/fsevents-2.3.2.tgz",
      "integrity": "sha512-xiqMQR4xAeHTuB9uWm+fFRcIOgKBMiOBP+eXiyT7jsgVCq1bkVygt00oASowB7EdtpOHaaPgKt812P9ab+DDKA==",
      "dev": true,
      "optional": true
    },
    "playwright": {
      "version": "1.62.1",
      "resolved": "https://registry.npmjs.org/playwright/-/playwright-1.62.1.tgz",
      "integrity": "sha512-0M+L3LAD8/nm554LOla9Ayx0j0tmFZ0FBcoQ7F1VuVHpM/XpiC8RcDzBQB8W5+hA8L22THxELzeF+2WcUzvcLg==",
      "dev": true,
      "requires": {
        "fsevents": "2.3.2",
        "playwright-core": "1.62.1"
      }
    },
    "playwright-core": {
      "version": "1.62.1",
      "resolved": "https://registry.npmjs.org/playwright-core/-/playwright-core-1.62.1.tgz",
      "integrity": "sha512-wPYSwEBJY9GHraISXqyqtx0na0LpO3XEX7jNDhntbex7tzUS7kLnZsOlFruFJB4Hi/rhDMjXGqHewDZ68nYZVw==",
      "dev": true
    },
    "roundabout-lib": {
      "version": "0.0.30",
      "resolved": "https://registry.npmjs.org/roundabout-lib/-/roundabout-lib-0.0.30.tgz",
      "integrity": "sha512-OsfRzw1uJalJzi1WnU4FIop98Nilj/BmeC70mwrlwhLXMCbJCN9APUEUVM2EmKwWclwm8RpRAklD/RawBBsMZA==",
      "requires": {
        "assign-gingerly": "0.0.71"
      }
    },
    "spa-ssi": {
      "version": "0.0.27",
      "resolved": "https://registry.npmjs.org/spa-ssi/-/spa-ssi-0.0.27.tgz",
      "integrity": "sha512-bV/ChmBlGBQLyroDcng/PR5IeH9LokcNxMuoURE0vDy2NNkW7uFVofvQjLpUMW6IdlCACpOEJsAStACz2kB6iA==",
      "dev": true
    },
    "templ-maker": {
      "version": "0.0.2",
      "resolved": "https://registry.npmjs.org/templ-maker/-/templ-maker-0.0.2.tgz",
      "integrity": "sha512-jrM/ytBrxCvJ8k4/XcPyzbtoMiA6qawl9ivulMudxoXomopV3lIwLL6TTK7tr45M7GCQNSnLS1oP9b3BOmJ4/w=="
    },
    "truth-sourcer": {
      "version": "0.0.3",
      "resolved": "https://registry.npmjs.org/truth-sourcer/-/truth-sourcer-0.0.3.tgz",
      "integrity": "sha512-0EsFr93a5Ux9xh6TfGHOleyRYIfjhyk2ujGyv/OfC/+1ipr/d7Tu1DaQGGy5d/HPAzw+XpPwy3iEPtdVLmgvuQ=="
    }
  }
}
